
Microsoft Visual Studio Solution File, Format Version 12.00
# Visual Studio Version 17
VisualStudioVersion = 17.10.35004.147
MinimumVisualStudioVersion = 10.0.40219.1
Project("{FAE04EC0-301F-11D3-BF4B-00C04F79EFBC}") = "ManagerEmployees", "ManagerEmployees\ManagerEmployees.csproj", "{CD759A9F-0CD2-4790-9836-57D215E65CF9}"
EndProject
Global
	GlobalSection(SolutionConfigurationPlatforms) = preSolution
		Debug|Any CPU = Debug|Any CPU
		Release|Any CPU = Release|Any CPU
	EndGlobalSection
	GlobalSection(ProjectConfigurationPlatforms) = postSolution
		{CD759A9F-0CD2-4790-9836-57D215E65CF9}.Debug|Any CPU.ActiveCfg = Debug|Any CPU
		{CD759A9F-0CD2-4790-9836-57D215E65CF9}.Debug|Any CPU.Build.0 = Debug|Any CPU
		{CD759A9F-0CD2-4790-9836-57D215E65CF9}.Release|Any CPU.ActiveCfg = Release|Any CPU
		{CD759A9F-0CD2-4790-9836-57D215E65CF9}.Release|Any CPU.Build.0 = Release|Any CPU
	EndGlobalSection
	GlobalSection(SolutionProperties) = preSolution
		HideSolutionNode = FALSE
	EndGlobalSection
	GlobalSection(ExtensibilityGlobals) = postSolution
		SolutionGuid = {4BDDD4BD-F2AA-471D-9768-7B1D77BBF6BD}
	EndGlobalSection
EndGlobal
